
Microsoft Visual Studio Solution File, Format Version 12.00
# Visual Studio Version 17
VisualStudioVersion = 17.3.32901.215
MinimumVisualStudioVersion = 10.0.40219.1
Project("{FAE04EC0-301F-11D3-BF4B-00C04F79EFBC}") = "nombre_magique", "nombre_magique\nombre_magique.csproj", "{590E2A14-6CA9-42FF-88B4-1D1BB7B83998}"
EndProject
Global
	GlobalSection(SolutionConfigurationPlatforms) = preSolution
		Debug|Any CPU = Debug|Any CPU
		Release|Any CPU = Release|Any CPU
	EndGlobalSection
	GlobalSection(ProjectConfigurationPlatforms) = postSolution
		{590E2A14-6CA9-42FF-88B4-1D1BB7B83998}.Debug|Any CPU.ActiveCfg = Debug|Any CPU
		{590E2A14-6CA9-42FF-88B4-1D1BB7B83998}.Debug|Any CPU.Build.0 = Debug|Any CPU
		{590E2A14-6CA9-42FF-88B4-1D1BB7B83998}.Release|Any CPU.ActiveCfg = Release|Any CPU
		{590E2A14-6CA9-42FF-88B4-1D1BB7B83998}.Release|Any CPU.Build.0 = Release|Any CPU
	EndGlobalSection
	GlobalSection(SolutionProperties) = preSolution
		HideSolutionNode = FALSE
	EndGlobalSection
	GlobalSection(ExtensibilityGlobals) = postSolution
		SolutionGuid = {065F2263-1646-4188-ABED-FCB6C975B0DC}
	EndGlobalSection
EndGlobal
